
Microsoft Visual Studio Solution File, Format Version 12.00
# Visual Studio Version 16
VisualStudioVersion = 16.0.31410.357
MinimumVisualStudioVersion = 10.0.40219.1
Project("{FAE04EC0-301F-11D3-BF4B-00C04F79EFBC}") = "WhatsAppAPI", "WhatsAppAPI\WhatsAppAPI.csproj", "{6B2CD338-D810-4123-A5E6-02CEF3FE12E1}"
EndProject
Global
	GlobalSection(SolutionConfigurationPlatforms) = preSolution
		Debug|Any CPU = Debug|Any CPU
		Release|Any CPU = Release|Any CPU
	EndGlobalSection
	GlobalSection(ProjectConfigurationPlatforms) = postSolution
		{6B2CD338-D810-4123-A5E6-02CEF3FE12E1}.Debug|Any CPU.ActiveCfg = Debug|Any CPU
		{6B2CD338-D810-4123-A5E6-02CEF3FE12E1}.Debug|Any CPU.Build.0 = Debug|Any CPU
		{6B2CD338-D810-4123-A5E6-02CEF3FE12E1}.Release|Any CPU.ActiveCfg = Release|Any CPU
		{6B2CD338-D810-4123-A5E6-02CEF3FE12E1}.Release|Any CPU.Build.0 = Release|Any CPU
	EndGlobalSection
	GlobalSection(SolutionProperties) = preSolution
		HideSolutionNode = FALSE
	EndGlobalSection
	GlobalSection(ExtensibilityGlobals) = postSolution
		SolutionGuid = {0728DBDF-9B17-458E-B652-A0D900F9BB9D}
	EndGlobalSection
EndGlobal
